
Microsoft Visual Studio Solution File, Format Version 12.00
# Visual Studio Version 16
VisualStudioVersion = 16.0.31515.178
MinimumVisualStudioVersion = 10.0.40219.1
Project("{FAE04EC0-301F-11D3-BF4B-00C04F79EFBC}") = "Template-Users-Control", "Template-Users-Control\Template-Users-Control.csproj", "{9AA8413C-949C-4467-B552-149E81DD1EF8}"
EndProject
Project("{2150E333-8FDC-42A3-9474-1A3956D46DE8}") = "1-Web", "1-Web", "{71B08FBE-7E95-4B2C-8EAB-46AA7620CBD4}"
EndProject
Project("{2150E333-8FDC-42A3-9474-1A3956D46DE8}") = "2-Application", "2-Application", "{4D413900-B44B-45B6-B02D-0C775B757A01}"
EndProject
Project("{2150E333-8FDC-42A3-9474-1A3956D46DE8}") = "3-Domain", "3-Domain", "{3640D31F-9A97-4B2C-A886-BEF4B3E1BDB1}"
EndProject
Project("{2150E333-8FDC-42A3-9474-1A3956D46DE8}") = "4-Infra", "4-Infra", "{14EA1DCF-CAB4-49EC-9EDA-73A4EBC4A300}"
EndProject
Project("{FAE04EC0-301F-11D3-BF4B-00C04F79EFBC}") = "Template-Users-Control.Application", "Template-Users-Control.Application\Template-Users-Control.Application.csproj", "{D70E1FCC-7B81-4FCB-BE37-50D7D929062B}"
EndProject
Project("{FAE04EC0-301F-11D3-BF4B-00C04F79EFBC}") = "Template-Users-Control.Domain", "Template-Users-Control.Domain\Template-Users-Control.Domain.csproj", "{485B147D-237F-4151-BDC9-59C7AFB5E290}"
EndProject
Project("{2150E333-8FDC-42A3-9474-1A3956D46DE8}") = "4.1-Data", "4.1-Data", "{AA1243D9-3278-4AB3-B160-5F8F1041E8E8}"
EndProject
Project("{2150E333-8FDC-42A3-9474-1A3956D46DE8}") = "4.2-CrossCutting", "4.2-CrossCutting", "{CF9E76D1-B462-4693-9E49-67EED0FAA694}"
EndProject
Project("{FAE04EC0-301F-11D3-BF4B-00C04F79EFBC}") = "Template-Users-Control.Data", "Template-Users-Control.Data\Template-Users-Control.Data.csproj", "{DA46BCBA-158F-427D-93FB-A4D289945D78}"
EndProject
Global
	GlobalSection(SolutionConfigurationPlatforms) = preSolution
		Debug|Any CPU = Debug|Any CPU
		Release|Any CPU = Release|Any CPU
	EndGlobalSection
	GlobalSection(ProjectConfigurationPlatforms) = postSolution
		{9AA8413C-949C-4467-B552-149E81DD1EF8}.Debug|Any CPU.ActiveCfg = Debug|Any CPU
		{9AA8413C-949C-4467-B552-149E81DD1EF8}.Debug|Any CPU.Build.0 = Debug|Any CPU
		{9AA8413C-949C-4467-B552-149E81DD1EF8}.Release|Any CPU.ActiveCfg = Release|Any CPU
		{9AA8413C-949C-4467-B552-149E81DD1EF8}.Release|Any CPU.Build.0 = Release|Any CPU
		{D70E1FCC-7B81-4FCB-BE37-50D7D929062B}.Debug|Any CPU.ActiveCfg = Debug|Any CPU
		{D70E1FCC-7B81-4FCB-BE37-50D7D929062B}.Debug|Any CPU.Build.0 = Debug|Any CPU
		{D70E1FCC-7B81-4FCB-BE37-50D7D929062B}.Release|Any CPU.ActiveCfg = Release|Any CPU
		{D70E1FCC-7B81-4FCB-BE37-50D7D929062B}.Release|Any CPU.Build.0 = Release|Any CPU
		{485B147D-237F-4151-BDC9-59C7AFB5E290}.Debug|Any CPU.ActiveCfg = Debug|Any CPU
		{485B147D-237F-4151-BDC9-59C7AFB5E290}.Debug|Any CPU.Build.0 = Debug|Any CPU
		{485B147D-237F-4151-BDC9-59C7AFB5E290}.Release|Any CPU.ActiveCfg = Release|Any CPU
		{485B147D-237F-4151-BDC9-59C7AFB5E290}.Release|Any CPU.Build.0 = Release|Any CPU
		{DA46BCBA-158F-427D-93FB-A4D289945D78}.Debug|Any CPU.ActiveCfg = Debug|Any CPU
		{DA46BCBA-158F-427D-93FB-A4D289945D78}.Debug|Any CPU.Build.0 = Debug|Any CPU
		{DA46BCBA-158F-427D-93FB-A4D289945D78}.Release|Any CPU.ActiveCfg = Release|Any CPU
		{DA46BCBA-158F-427D-93FB-A4D289945D78}.Release|Any CPU.Build.0 = Release|Any CPU
	EndGlobalSection
	GlobalSection(SolutionProperties) = preSolution
		HideSolutionNode = FALSE
	EndGlobalSection
	GlobalSection(NestedProjects) = preSolution
		{9AA8413C-949C-4467-B552-149E81DD1EF8} = {71B08FBE-7E95-4B2C-8EAB-46AA7620CBD4}
		{D70E1FCC-7B81-4FCB-BE37-50D7D929062B} = {4D413900-B44B-45B6-B02D-0C775B757A01}
		{485B147D-237F-4151-BDC9-59C7AFB5E290} = {3640D31F-9A97-4B2C-A886-BEF4B3E1BDB1}
		{AA1243D9-3278-4AB3-B160-5F8F1041E8E8} = {14EA1DCF-CAB4-49EC-9EDA-73A4EBC4A300}
		{CF9E76D1-B462-4693-9E49-67EED0FAA694} = {14EA1DCF-CAB4-49EC-9EDA-73A4EBC4A300}
		{DA46BCBA-158F-427D-93FB-A4D289945D78} = {AA1243D9-3278-4AB3-B160-5F8F1041E8E8}
	EndGlobalSection
	GlobalSection(ExtensibilityGlobals) = postSolution
		SolutionGuid = {D76EAEB4-3770-4F9A-865F-F48F2F8504A0}
	EndGlobalSection
EndGlobal
